<?xml version="1.0" encoding="utf-8"?>
<Project ToolsVersion="4.0" xmlns="http://schemas.microsoft.com/developer/msbuild/2003">
  <ItemGroup>
    <Filter Include="Core">
      <UniqueIdentifier>{2EB4837C-1AEB-840D-C3D7-6A10AFED000F}</UniqueIdentifier>
    </Filter>
    <Filter Include="Core\Layers">
      <UniqueIdentifier>{2D0BFE82-99C0-7678-22B5-704F8E696D7C}</UniqueIdentifier>
    </Filter>
    <Filter Include="Sandbox">
      <UniqueIdentifier>{F4C124E3-60A1-A37E-69B9-2E55D5170AE0}</UniqueIdentifier>
    </Filter>
  </ItemGroup>
  <ItemGroup>
    <ClInclude Include="src\Core\Application.h">
      <Filter>Core</Filter>
    </ClInclude>
    <ClInclude Include="src\Core\Layers\Layer.h">
      <Filter>Core\Layers</Filter>
    </ClInclude>
    <ClInclude Include="src\Core\Layers\LayerStack.h">
      <Filter>Core\Layers</Filter>
    </ClInclude>
    <ClInclude Include="src\Core\Window.h">
      <Filter>Core</Filter>
    </ClInclude>
    <ClInclude Include="src\Sandbox\GameLayer.h" />
  </ItemGroup>
  <ItemGroup>
    <ClCompile Include="src\Core\Application.cpp">
      <Filter>Core</Filter>
    </ClCompile>
    <ClCompile Include="src\Core\EntryPoint.cpp">
      <Filter>Core</Filter>
    </ClCompile>
    <ClCompile Include="src\Core\Layers\Layer.cpp">
      <Filter>Core\Layers</Filter>
    </ClCompile>
    <ClCompile Include="src\Core\Layers\LayerStack.cpp">
      <Filter>Core\Layers</Filter>
    </ClCompile>
    <ClCompile Include="src\Core\Window.cpp">
      <Filter>Core</Filter>
    </ClCompile>
    <ClCompile Include="src\Sandbox\SandboxApp.cpp">
      <Filter>Sandbox</Filter>
    </ClCompile>
    <ClCompile Include="src\Sandbox\GameLayer.cpp" />
  </ItemGroup>
</Project>